
Microsoft Visual Studio Solution File, Format Version 12.00
# Visual Studio Version 17
VisualStudioVersion = 17.5.002.0
MinimumVisualStudioVersion = 10.0.40219.1
Project("{2150E333-8FDC-42A3-9474-1A3956D46DE8}") = "C#", "C#", "{82F6A73C-74BB-45E3-B5BE-BDE7A4037F09}"
EndProject
Project("{9A19103F-16F7-4668-BE54-9A1E7A4F7556}") = "hello", "C#\hello\hello.csproj", "{C4436E53-D485-4305-B2C7-AA2D037AC47E}"
EndProject
Global
	GlobalSection(SolutionConfigurationPlatforms) = preSolution
		Debug|Any CPU = Debug|Any CPU
		Release|Any CPU = Release|Any CPU
	EndGlobalSection
	GlobalSection(ProjectConfigurationPlatforms) = postSolution
		{C4436E53-D485-4305-B2C7-AA2D037AC47E}.Debug|Any CPU.ActiveCfg = Debug|Any CPU
		{C4436E53-D485-4305-B2C7-AA2D037AC47E}.Debug|Any CPU.Build.0 = Debug|Any CPU
		{C4436E53-D485-4305-B2C7-AA2D037AC47E}.Release|Any CPU.ActiveCfg = Release|Any CPU
		{C4436E53-D485-4305-B2C7-AA2D037AC47E}.Release|Any CPU.Build.0 = Release|Any CPU
	EndGlobalSection
	GlobalSection(SolutionProperties) = preSolution
		HideSolutionNode = FALSE
	EndGlobalSection
	GlobalSection(NestedProjects) = preSolution
		{C4436E53-D485-4305-B2C7-AA2D037AC47E} = {82F6A73C-74BB-45E3-B5BE-BDE7A4037F09}
	EndGlobalSection
	GlobalSection(ExtensibilityGlobals) = postSolution
		SolutionGuid = {338ED4D8-874C-410B-B70D-1DE6D02CE3E4}
	EndGlobalSection
EndGlobal
